// !$*UTF8*$!
{
	archiveVersion = 1;
	classes = {
	};
	objectVersion = 50;
	objects = {

/* Begin PBXBuildFile section */
		820362BA252CC3C200521958 /* AppDelegate.swift in Sources */ = {isa = PBXBuildFile; fileRef = 820362B9252CC3C200521958 /* AppDelegate.swift */; };
		820362BC252CC3C200521958 /* SceneDelegate.swift in Sources */ = {isa = PBXBuildFile; fileRef = 820362BB252CC3C200521958 /* SceneDelegate.swift */; };
		820362C1252CC3C200521958 /* Main.storyboard in Resources */ = {isa = PBXBuildFile; fileRef = 820362BF252CC3C200521958 /* Main.storyboard */; };
		820362C3252CC3C500521958 /* Assets.xcassets in Resources */ = {isa = PBXBuildFile; fileRef = 820362C2252CC3C500521958 /* Assets.xcassets */; };
		820362C6252CC3C500521958 /* LaunchScreen.storyboard in Resources */ = {isa = PBXBuildFile; fileRef = 820362C4252CC3C500521958 /* LaunchScreen.storyboard */; };
		820362D1252CC3C500521958 /* Delegates_and_ProtocolsTests.swift in Sources */ = {isa = PBXBuildFile; fileRef = 820362D0252CC3C500521958 /* Delegates_and_ProtocolsTests.swift */; };
		820362DC252CC3C500521958 /* Delegates_and_ProtocolsUITests.swift in Sources */ = {isa = PBXBuildFile; fileRef = 820362DB252CC3C500521958 /* Delegates_and_ProtocolsUITests.swift */; };
		820362F0252CC3EA00521958 /* FirstViewController.swift in Sources */ = {isa = PBXBuildFile; fileRef = 820362EF252CC3EA00521958 /* FirstViewController.swift */; };
		820362F5252CC3F900521958 /* SecondViewController.swift in Sources */ = {isa = PBXBuildFile; fileRef = 820362F4252CC3F900521958 /* SecondViewController.swift */; };
/* End PBXBuildFile section */

/* Begin PBXContainerItemProxy section */
		820362CD252CC3C500521958 /* PBXContainerItemProxy */ = {
			isa = PBXContainerItemProxy;
			containerPortal = 820362AE252CC3C100521958 /* Project object */;
			proxyType = 1;
			remoteGlobalIDString = 820362B5252CC3C100521958;
			remoteInfo = "Delegates and Protocols";
		};
		820362D8252CC3C500521958 /* PBXContainerItemProxy */ = {
			isa = PBXContainerItemProxy;
			containerPortal = 820362AE252CC3C100521958 /* Project object */;
			proxyType = 1;
			remoteGlobalIDString = 820362B5252CC3C100521958;
			remoteInfo = "Delegates and Protocols";
		};
/* End PBXContainerItemProxy section */

/* Begin PBXFileReference section */
		820362B6252CC3C100521958 /* Delegates and Protocols.app */ = {isa = PBXFileReference; explicitFileType = wrapper.application; includeInIndex = 0; path = "Delegates and Protocols.app"; sourceTree = BUILT_PRODUCTS_DIR; };
		820362B9252CC3C200521958 /* AppDelegate.swift */ = {isa = PBXFileReference; lastKnownFileType = sourcecode.swift; path = AppDelegate.swift; sourceTree = "<group>"; };
		820362BB252CC3C200521958 /* SceneDelegate.swift */ = {isa = PBXFileReference; lastKnownFileType = sourcecode.swift; path = SceneDelegate.swift; sourceTree = "<group>"; };
		820362C0252CC3C200521958 /* Base */ = {isa = PBXFileReference; lastKnownFileType = file.storyboard; name = Base; path = Base.lproj/Main.storyboard; sourceTree = "<group>"; };
		820362C2252CC3C500521958 /* Assets.xcassets */ = {isa = PBXFileReference; lastKnownFileType = folder.assetcatalog; path = Assets.xcassets; sourceTree = "<group>"; };
		820362C5252CC3C500521958 /* Base */ = {isa = PBXFileReference; lastKnownFileType = file.storyboard; name = Base; path = Base.lproj/LaunchScreen.storyboard; sourceTree = "<group>"; };
		820362C7252CC3C500521958 /* Info.plist */ = {isa = PBXFileReference; lastKnownFileType = text.plist.xml; path = Info.plist; sourceTree = "<group>"; };
		820362CC252CC3C500521958 /* Delegates and ProtocolsTests.xctest */ = {isa = PBXFileReference; explicitFileType = wrapper.cfbundle; includeInIndex = 0; path = "Delegates and ProtocolsTests.xctest"; sourceTree = BUILT_PRODUCTS_DIR; };
		820362D0252CC3C500521958 /* Delegates_and_ProtocolsTests.swift */ = {isa = PBXFileReference; lastKnownFileType = sourcecode.swift; path = Delegates_and_ProtocolsTests.swift; sourceTree = "<group>"; };
		820362D2252CC3C500521958 /* Info.plist */ = {isa = PBXFileReference; lastKnownFileType = text.plist.xml; path = Info.plist; sourceTree = "<group>"; };
		820362D7252CC3C500521958 /* Delegates and ProtocolsUITests.xctest */ = {isa = PBXFileReference; explicitFileType = wrapper.cfbundle; includeInIndex = 0; path = "Delegates and ProtocolsUITests.xctest"; sourceTree = BUILT_PRODUCTS_DIR; };
		820362DB252CC3C500521958 /* Delegates_and_ProtocolsUITests.swift */ = {isa = PBXFileReference; lastKnownFileType = sourcecode.swift; path = Delegates_and_ProtocolsUITests.swift; sourceTree = "<group>"; };
		820362DD252CC3C500521958 /* Info.plist */ = {isa = PBXFileReference; lastKnownFileType = text.plist.xml; path = Info.plist; sourceTree = "<group>"; };
		820362EF252CC3EA00521958 /* FirstViewController.swift */ = {isa = PBXFileReference; lastKnownFileType = sourcecode.swift; path = FirstViewController.swift; sourceTree = "<group>"; };
		820362F4252CC3F900521958 /* SecondViewController.swift */ = {isa = PBXFileReference; lastKnownFileType = sourcecode.swift; path = SecondViewController.swift; sourceTree = "<group>"; };
/* End PBXFileReference section */

/* Begin PBXFrameworksBuildPhase section */
		820362B3252CC3C100521958 /* Frameworks */ = {
			isa = PBXFrameworksBuildPhase;
			buildActionMask = 2147483647;
			files = (
			);
			runOnlyForDeploymentPostprocessing = 0;
		};
		820362C9252CC3C500521958 /* Frameworks */ = {
			isa = PBXFrameworksBuildPhase;
			buildActionMask = 2147483647;
			files = (
			);
			runOnlyForDeploymentPostprocessing = 0;
		};
		820362D4252CC3C500521958 /* Frameworks */ = {
			isa = PBXFrameworksBuildPhase;
			buildActionMask = 2147483647;
			files = (
			);
			runOnlyForDeploymentPostprocessing = 0;
		};
/* End PBXFrameworksBuildPhase section */

/* Begin PBXGroup section */
		820362AD252CC3C100521958 = {
			isa = PBXGroup;
			children = (
				820362B8252CC3C100521958 /* Delegates and Protocols */,
				820362CF252CC3C500521958 /* Delegates and ProtocolsTests */,
				820362DA252CC3C500521958 /* Delegates and ProtocolsUITests */,
				820362B7252CC3C100521958 /* Products */,
			);
			sourceTree = "<group>";
		};
		820362B7252CC3C100521958 /* Products */ = {
			isa = PBXGroup;
			children = (
				820362B6252CC3C100521958 /* Delegates and Protocols.app */,
				820362CC252CC3C500521958 /* Delegates and ProtocolsTests.xctest */,
				820362D7252CC3C500521958 /* Delegates and ProtocolsUITests.xctest */,
			);
			name = Products;
			sourceTree = "<group>";
		};
		820362B8252CC3C100521958 /* Delegates and Protocols */ = {
			isa = PBXGroup;
			children = (
				820362B9252CC3C200521958 /* AppDelegate.swift */,
				820362BB252CC3C200521958 /* SceneDelegate.swift */,
				820362BF252CC3C200521958 /* Main.storyboard */,
				820362C2252CC3C500521958 /* Assets.xcassets */,
				820362C4252CC3C500521958 /* LaunchScreen.storyboard */,
				820362C7252CC3C500521958 /* Info.plist */,
				820362EF252CC3EA00521958 /* FirstViewController.swift */,
				820362F4252CC3F900521958 /* SecondViewController.swift */,
			);
			path = "Delegates and Protocols";
			sourceTree = "<group>";
		};
		820362CF252CC3C500521958 /* Delegates and ProtocolsTests */ = {
			isa = PBXGroup;
			children = (
				820362D0252CC3C500521958 /* Delegates_and_ProtocolsTests.swift */,
				820362D2252CC3C500521958 /* Info.plist */,
			);
			path = "Delegates and ProtocolsTests";
			sourceTree = "<group>";
		};
		820362DA252CC3C500521958 /* Delegates and ProtocolsUITests */ = {
			isa = PBXGroup;
			children = (
				820362DB252CC3C500521958 /* Delegates_and_ProtocolsUITests.swift */,
				820362DD252CC3C500521958 /* Info.plist */,
			);
			path = "Delegates and ProtocolsUITests";
			sourceTree = "<group>";
		};
/* End PBXGroup section */

/* Begin PBXNativeTarget section */
		820362B5252CC3C100521958 /* Delegates and Protocols */ = {
			isa = PBXNativeTarget;
			buildConfigurationList = 820362E0252CC3C500521958 /* Build configuration list for PBXNativeTarget "Delegates and Protocols" */;
			buildPhases = (
				820362B2252CC3C100521958 /* Sources */,
				820362B3252CC3C100521958 /* Frameworks */,
				820362B4252CC3C100521958 /* Resources */,
			);
			buildRules = (
			);
			dependencies = (
			);
			name = "Delegates and Protocols";
			productName = "Delegates and Protocols";
			productReference = 820362B6252CC3C100521958 /* Delegates and Protocols.app */;
			productType = "com.apple.product-type.application";
		};
		820362CB252CC3C500521958 /* Delegates and ProtocolsTests */ = {
			isa = PBXNativeTarget;
			buildConfigurationList = 820362E3252CC3C500521958 /* Build configuration list for PBXNativeTarget "Delegates and ProtocolsTests" */;
			buildPhases = (
				820362C8252CC3C500521958 /* Sources */,
				820362C9252CC3C500521958 /* Frameworks */,
				820362CA252CC3C500521958 /* Resources */,
			);
			buildRules = (
			);
			dependencies = (
				820362CE252CC3C500521958 /* PBXTargetDependency */,
			);
			name = "Delegates and ProtocolsTests";
			productName = "Delegates and ProtocolsTests";
			productReference = 820362CC252CC3C500521958 /* Delegates and ProtocolsTests.xctest */;
			productType = "com.apple.product-type.bundle.unit-test";
		};
		820362D6252CC3C500521958 /* Delegates and ProtocolsUITests */ = {
			isa = PBXNativeTarget;
			buildConfigurationList = 820362E6252CC3C500521958 /* Build configuration list for PBXNativeTarget "Delegates and ProtocolsUITests" */;
			buildPhases = (
				820362D3252CC3C500521958 /* Sources */,
				820362D4252CC3C500521958 /* Frameworks */,
				820362D5252CC3C500521958 /* Resources */,
			);
			buildRules = (
			);
			dependencies = (
				820362D9252CC3C500521958 /* PBXTargetDependency */,
			);
			name = "Delegates and ProtocolsUITests";
			productName = "Delegates and ProtocolsUITests";
			productReference = 820362D7252CC3C500521958 /* Delegates and ProtocolsUITests.xctest */;
			productType = "com.apple.product-type.bundle.ui-testing";
		};
/* End PBXNativeTarget section */

/* Begin PBXProject section */
		820362AE252CC3C100521958 /* Project object */ = {
			isa = PBXProject;
			attributes = {
				LastSwiftUpdateCheck = 1200;
				LastUpgradeCheck = 1200;
				TargetAttributes = {
					820362B5252CC3C100521958 = {
						CreatedOnToolsVersion = 12.0;
					};
					820362CB252CC3C500521958 = {
						CreatedOnToolsVersion = 12.0;
						TestTargetID = 820362B5252CC3C100521958;
					};
					820362D6252CC3C500521958 = {
						CreatedOnToolsVersion = 12.0;
						TestTargetID = 820362B5252CC3C100521958;
					};
				};
			};
			buildConfigurationList = 820362B1252CC3C100521958 /* Build configuration list for PBXProject "Delegates and Protocols" */;
			compatibilityVersion = "Xcode 9.3";
			developmentRegion = en;
			hasScannedForEncodings = 0;
			knownRegions = (
				en,
				Base,
			);
			mainGroup = 820362AD252CC3C100521958;
			productRefGroup = 820362B7252CC3C100521958 /* Products */;
			projectDirPath = "";
			projectRoot = "";
			targets = (
				820362B5252CC3C100521958 /* Delegates and Protocols */,
				820362CB252CC3C500521958 /* Delegates and ProtocolsTests */,
				820362D6252CC3C500521958 /* Delegates and ProtocolsUITests */,
			);
		};
/* End PBXProject section */

/* Begin PBXResourcesBuildPhase section */
		820362B4252CC3C100521958 /* Resources */ = {
			isa = PBXResourcesBuildPhase;
			buildActionMask = 2147483647;
			files = (
				820362C6252CC3C500521958 /* LaunchScreen.storyboard in Resources */,
				820362C3252CC3C500521958 /* Assets.xcassets in Resources */,
				820362C1252CC3C200521958 /* Main.storyboard in Resources */,
			);
			runOnlyForDeploymentPostprocessing = 0;
		};
		820362CA252CC3C500521958 /* Resources */ = {
			isa = PBXResourcesBuildPhase;
			buildActionMask = 2147483647;
			files = (
			);
			runOnlyForDeploymentPostprocessing = 0;
		};
		820362D5252CC3C500521958 /* Resources */ = {
			isa = PBXResourcesBuildPhase;
			buildActionMask = 2147483647;
			files = (
			);
			runOnlyForDeploymentPostprocessing = 0;
		};
/* End PBXResourcesBuildPhase section */

/* Begin PBXSourcesBuildPhase section */
		820362B2252CC3C100521958 /* Sources */ = {
			isa = PBXSourcesBuildPhase;
			buildActionMask = 2147483647;
			files = (
				820362F5252CC3F900521958 /* SecondViewController.swift in Sources */,
				820362F0252CC3EA00521958 /* FirstViewController.swift in Sources */,
				820362BA252CC3C200521958 /* AppDelegate.swift in Sources */,
				820362BC252CC3C200521958 /* SceneDelegate.swift in Sources */,
			);
			runOnlyForDeploymentPostprocessing = 0;
		};
		820362C8252CC3C500521958 /* Sources */ = {
			isa = PBXSourcesBuildPhase;
			buildActionMask = 2147483647;
			files = (
				820362D1252CC3C500521958 /* Delegates_and_ProtocolsTests.swift in Sources */,
			);
			runOnlyForDeploymentPostprocessing = 0;
		};
		820362D3252CC3C500521958 /* Sources */ = {
			isa = PBXSourcesBuildPhase;
			buildActionMask = 2147483647;
			files = (
				820362DC252CC3C500521958 /* Delegates_and_ProtocolsUITests.swift in Sources */,
			);
			runOnlyForDeploymentPostprocessing = 0;
		};
/* End PBXSourcesBuildPhase section */

/* Begin PBXTargetDependency section */
		820362CE252CC3C500521958 /* PBXTargetDependency */ = {
			isa = PBXTargetDependency;
			target = 820362B5252CC3C100521958 /* Delegates and Protocols */;
			targetProxy = 820362CD252CC3C500521958 /* PBXContainerItemProxy */;
		};
		820362D9252CC3C500521958 /* PBXTargetDependency */ = {
			isa = PBXTargetDependency;
			target = 820362B5252CC3C100521958 /* Delegates and Protocols */;
			targetProxy = 820362D8252CC3C500521958 /* PBXContainerItemProxy */;
		};
/* End PBXTargetDependency section */

/* Begin PBXVariantGroup section */
		820362BF252CC3C200521958 /* Main.storyboard */ = {
			isa = PBXVariantGroup;
			children = (
				820362C0252CC3C200521958 /* Base */,
			);
			name = Main.storyboard;
			sourceTree = "<group>";
		};
		820362C4252CC3C500521958 /* LaunchScreen.storyboard */ = {
			isa = PBXVariantGroup;
			children = (
				820362C5252CC3C500521958 /* Base */,
			);
			name = LaunchScreen.storyboard;
			sourceTree = "<group>";
		};
/* End PBXVariantGroup section */

/* Begin XCBuildConfiguration section */
		820362DE252CC3C500521958 /* Debug */ = {
			isa = XCBuildConfiguration;
			buildSettings = {
				ALWAYS_SEARCH_USER_PATHS = NO;
				CLANG_ANALYZER_NONNULL = YES;
				CLANG_ANALYZER_NUMBER_OBJECT_CONVERSION = YES_AGGRESSIVE;
				CLANG_CXX_LANGUAGE_STANDARD = "gnu++14";
				CLANG_CXX_LIBRARY = "libc++";
				CLANG_ENABLE_MODULES = YES;
				CLANG_ENABLE_OBJC_ARC = YES;
				CLANG_ENABLE_OBJC_WEAK = YES;
				CLANG_WARN_BLOCK_CAPTURE_AUTORELEASING = YES;
				CLANG_WARN_BOOL_CONVERSION = YES;
				CLANG_WARN_COMMA = YES;
				CLANG_WARN_CONSTANT_CONVERSION = YES;
				CLANG_WARN_DEPRECATED_OBJC_IMPLEMENTATIONS = YES;
				CLANG_WARN_DIRECT_OBJC_ISA_USAGE = YES_ERROR;
				CLANG_WARN_DOCUMENTATION_COMMENTS = YES;
				CLANG_WARN_EMPTY_BODY = YES;
				CLANG_WARN_ENUM_CONVERSION = YES;
				CLANG_WARN_INFINITE_RECURSION = YES;
				CLANG_WARN_INT_CONVERSION = YES;
				CLANG_WARN_NON_LITERAL_NULL_CONVERSION = YES;
				CLANG_WARN_OBJC_IMPLICIT_RETAIN_SELF = YES;
				CLANG_WARN_OBJC_LITERAL_CONVERSION = YES;
				CLANG_WARN_OBJC_ROOT_CLASS = YES_ERROR;
				CLANG_WARN_QUOTED_INCLUDE_IN_FRAMEWORK_HEADER = YES;
				CLANG_WARN_RANGE_LOOP_ANALYSIS = YES;
				CLANG_WARN_STRICT_PROTOTYPES = YES;
				CLANG_WARN_SUSPICIOUS_MOVE = YES;
				CLANG_WARN_UNGUARDED_AVAILABILITY = YES_AGGRESSIVE;
				CLANG_WARN_UNREACHABLE_CODE = YES;
				CLANG_WARN__DUPLICATE_METHOD_MATCH = YES;
				COPY_PHASE_STRIP = NO;
				DEBUG_INFORMATION_FORMAT = dwarf;
				ENABLE_STRICT_OBJC_MSGSEND = YES;
				ENABLE_TESTABILITY = YES;
				GCC_C_LANGUAGE_STANDARD = gnu11;
				GCC_DYNAMIC_NO_PIC = NO;
				GCC_NO_COMMON_BLOCKS = YES;
				GCC_OPTIMIZATION_LEVEL = 0;
				GCC_PREPROCESSOR_DEFINITIONS = (
					"DEBUG=1",
					"$(inherited)",
				);
				GCC_WARN_64_TO_32_BIT_CONVERSION = YES;
				GCC_WARN_ABOUT_RETURN_TYPE = YES_ERROR;
				GCC_WARN_UNDECLARED_SELECTOR = YES;
				GCC_WARN_UNINITIALIZED_AUTOS = YES_AGGRESSIVE;
				GCC_WARN_UNUSED_FUNCTION = YES;
				GCC_WARN_UNUSED_VARIABLE = YES;
				IPHONEOS_DEPLOYMENT_TARGET = 14.0;
				MTL_ENABLE_DEBUG_INFO = INCLUDE_SOURCE;
				MTL_FAST_MATH = YES;
				ONLY_ACTIVE_ARCH = YES;
				SDKROOT = iphoneos;
				SWIFT_ACTIVE_COMPILATION_CONDITIONS = DEBUG;
				SWIFT_OPTIMIZATION_LEVEL = "-Onone";
			};
			name = Debug;
		};
		820362DF252CC3C500521958 /* Release */ = {
			isa = XCBuildConfiguration;
			buildSettings = {
				ALWAYS_SEARCH_USER_PATHS = NO;
				CLANG_ANALYZER_NONNULL = YES;
				CLANG_ANALYZER_NUMBER_OBJECT_CONVERSION = YES_AGGRESSIVE;
				CLANG_CXX_LANGUAGE_STANDARD = "gnu++14";
				CLANG_CXX_LIBRARY = "libc++";
				CLANG_ENABLE_MODULES = YES;
				CLANG_ENABLE_OBJC_ARC = YES;
				CLANG_ENABLE_OBJC_WEAK = YES;
				CLANG_WARN_BLOCK_CAPTURE_AUTORELEASING = YES;
				CLANG_WARN_BOOL_CONVERSION = YES;
				CLANG_WARN_COMMA = YES;
				CLANG_WARN_CONSTANT_CONVERSION = YES;
				CLANG_WARN_DEPRECATED_OBJC_IMPLEMENTATIONS = YES;
				CLANG_WARN_DIRECT_OBJC_ISA_USAGE = YES_ERROR;
				CLANG_WARN_DOCUMENTATION_COMMENTS = YES;
				CLANG_WARN_EMPTY_BODY = YES;
				CLANG_WARN_ENUM_CONVERSION = YES;
				CLANG_WARN_INFINITE_RECURSION = YES;
				CLANG_WARN_INT_CONVERSION = YES;
				CLANG_WARN_NON_LITERAL_NULL_CONVERSION = YES;
				CLANG_WARN_OBJC_IMPLICIT_RETAIN_SELF = YES;
				CLANG_WARN_OBJC_LITERAL_CONVERSION = YES;
				CLANG_WARN_OBJC_ROOT_CLASS = YES_ERROR;
				CLANG_WARN_QUOTED_INCLUDE_IN_FRAMEWORK_HEADER = YES;
				CLANG_WARN_RANGE_LOOP_ANALYSIS = YES;
				CLANG_WARN_STRICT_PROTOTYPES = YES;
				CLANG_WARN_SUSPICIOUS_MOVE = YES;
				CLANG_WARN_UNGUARDED_AVAILABILITY = YES_AGGRESSIVE;
				CLANG_WARN_UNREACHABLE_CODE = YES;
				CLANG_WARN__DUPLICATE_METHOD_MATCH = YES;
				COPY_PHASE_STRIP = NO;
				DEBUG_INFORMATION_FORMAT = "dwarf-with-dsym";
				ENABLE_NS_ASSERTIONS = NO;
				ENABLE_STRICT_OBJC_MSGSEND = YES;
				GCC_C_LANGUAGE_STANDARD = gnu11;
				GCC_NO_COMMON_BLOCKS = YES;
				GCC_WARN_64_TO_32_BIT_CONVERSION = YES;
				GCC_WARN_ABOUT_RETURN_TYPE = YES_ERROR;
				GCC_WARN_UNDECLARED_SELECTOR = YES;
				GCC_WARN_UNINITIALIZED_AUTOS = YES_AGGRESSIVE;
				GCC_WARN_UNUSED_FUNCTION = YES;
				GCC_WARN_UNUSED_VARIABLE = YES;
				IPHONEOS_DEPLOYMENT_TARGET = 14.0;
				MTL_ENABLE_DEBUG_INFO = NO;
				MTL_FAST_MATH = YES;
				SDKROOT = iphoneos;
				SWIFT_COMPILATION_MODE = wholemodule;
				SWIFT_OPTIMIZATION_LEVEL = "-O";
				VALIDATE_PRODUCT = YES;
			};
			name = Release;
		};
		820362E1252CC3C500521958 /* Debug */ = {
			isa = XCBuildConfiguration;
			buildSettings = {
				ASSETCATALOG_COMPILER_APPICON_NAME = AppIcon;
				ASSETCATALOG_COMPILER_GLOBAL_ACCENT_COLOR_NAME = AccentColor;
				CODE_SIGN_STYLE = Automatic;
				INFOPLIST_FILE = "Delegates and Protocols/Info.plist";
				LD_RUNPATH_SEARCH_PATHS = (
					"$(inherited)",
					"@executable_path/Frameworks",
				);
				PRODUCT_BUNDLE_IDENTIFIER = "com.Yamusa.Example.Delegates-and-Protocols";
				PRODUCT_NAME = "$(TARGET_NAME)";
				SWIFT_VERSION = 5.0;
				TARGETED_DEVICE_FAMILY = "1,2";
			};
			name = Debug;
		};
		820362E2252CC3C500521958 /* Release */ = {
			isa = XCBuildConfiguration;
			buildSettings = {
				ASSETCATALOG_COMPILER_APPICON_NAME = AppIcon;
				ASSETCATALOG_COMPILER_GLOBAL_ACCENT_COLOR_NAME = AccentColor;
				CODE_SIGN_STYLE = Automatic;
				INFOPLIST_FILE = "Delegates and Protocols/Info.plist";
				LD_RUNPATH_SEARCH_PATHS = (
					"$(inherited)",
					"@executable_path/Frameworks",
				);
				PRODUCT_BUNDLE_IDENTIFIER = "com.Yamusa.Example.Delegates-and-Protocols";
				PRODUCT_NAME = "$(TARGET_NAME)";
				SWIFT_VERSION = 5.0;
				TARGETED_DEVICE_FAMILY = "1,2";
			};
			name = Release;
		};
		820362E4252CC3C500521958 /* Debug */ = {
			isa = XCBuildConfiguration;
			buildSettings = {
				ALWAYS_EMBED_SWIFT_STANDARD_LIBRARIES = YES;
				BUNDLE_LOADER = "$(TEST_HOST)";
				CODE_SIGN_STYLE = Automatic;
				INFOPLIST_FILE = "Delegates and ProtocolsTests/Info.plist";
				IPHONEOS_DEPLOYMENT_TARGET = 14.0;
				LD_RUNPATH_SEARCH_PATHS = (
					"$(inherited)",
					"@executable_path/Frameworks",
					"@loader_path/Frameworks",
				);
				PRODUCT_BUNDLE_IDENTIFIER = "com.Yamusa.Example.Delegates-and-ProtocolsTests";
				PRODUCT_NAME = "$(TARGET_NAME)";
				SWIFT_VERSION = 5.0;
				TARGETED_DEVICE_FAMILY = "1,2";
				TEST_HOST = "$(BUILT_PRODUCTS_DIR)/Delegates and Protocols.app/Delegates and Protocols";
			};
			name = Debug;
		};
		820362E5252CC3C500521958 /* Release */ = {
			isa = XCBuildConfiguration;
			buildSettings = {
				ALWAYS_EMBED_SWIFT_STANDARD_LIBRARIES = YES;
				BUNDLE_LOADER = "$(TEST_HOST)";
				CODE_SIGN_STYLE = Automatic;
				INFOPLIST_FILE = "Delegates and ProtocolsTests/Info.plist";
				IPHONEOS_DEPLOYMENT_TARGET = 14.0;
				LD_RUNPATH_SEARCH_PATHS = (
					"$(inherited)",
					"@executable_path/Frameworks",
					"@loader_path/Frameworks",
				);
				PRODUCT_BUNDLE_IDENTIFIER = "com.Yamusa.Example.Delegates-and-ProtocolsTests";
				PRODUCT_NAME = "$(TARGET_NAME)";
				SWIFT_VERSION = 5.0;
				TARGETED_DEVICE_FAMILY = "1,2";
				TEST_HOST = "$(BUILT_PRODUCTS_DIR)/Delegates and Protocols.app/Delegates and Protocols";
			};
			name = Release;
		};
		820362E7252CC3C500521958 /* Debug */ = {
			isa = XCBuildConfiguration;
			buildSettings = {
				ALWAYS_EMBED_SWIFT_STANDARD_LIBRARIES = YES;
				CODE_SIGN_STYLE = Automatic;
				INFOPLIST_FILE = "Delegates and ProtocolsUITests/Info.plist";
				LD_RUNPATH_SEARCH_PATHS = (
					"$(inherited)",
					"@executable_path/Frameworks",
					"@loader_path/Frameworks",
				);
				PRODUCT_BUNDLE_IDENTIFIER = "com.Yamusa.Example.Delegates-and-ProtocolsUITests";
				PRODUCT_NAME = "$(TARGET_NAME)";
				SWIFT_VERSION = 5.0;
				TARGETED_DEVICE_FAMILY = "1,2";
				TEST_TARGET_NAME = "Delegates and Protocols";
			};
			name = Debug;
		};
		820362E8252CC3C500521958 /* Release */ = {
			isa = XCBuildConfiguration;
			buildSettings = {
				ALWAYS_EMBED_SWIFT_STANDARD_LIBRARIES = YES;
				CODE_SIGN_STYLE = Automatic;
				INFOPLIST_FILE = "Delegates and ProtocolsUITests/Info.plist";
				LD_RUNPATH_SEARCH_PATHS = (
					"$(inherited)",
					"@executable_path/Frameworks",
					"@loader_path/Frameworks",
				);
				PRODUCT_BUNDLE_IDENTIFIER = "com.Yamusa.Example.Delegates-and-ProtocolsUITests";
				PRODUCT_NAME = "$(TARGET_NAME)";
				SWIFT_VERSION = 5.0;
				TARGETED_DEVICE_FAMILY = "1,2";
				TEST_TARGET_NAME = "Delegates and Protocols";
			};
			name = Release;
		};
/* End XCBuildConfiguration section */

/* Begin XCConfigurationList section */
		820362B1252CC3C100521958 /* Build configuration list for PBXProject "Delegates and Protocols" */ = {
			isa = XCConfigurationList;
			buildConfigurations = (
				820362DE252CC3C500521958 /* Debug */,
				820362DF252CC3C500521958 /* Release */,
			);
			defaultConfigurationIsVisible = 0;
			defaultConfigurationName = Release;
		};
		820362E0252CC3C500521958 /* Build configuration list for PBXNativeTarget "Delegates and Protocols" */ = {
			isa = XCConfigurationList;
			buildConfigurations = (
				820362E1252CC3C500521958 /* Debug */,
				820362E2252CC3C500521958 /* Release */,
			);
			defaultConfigurationIsVisible = 0;
			defaultConfigurationName = Release;
		};
		820362E3252CC3C500521958 /* Build configuration list for PBXNativeTarget "Delegates and ProtocolsTests" */ = {
			isa = XCConfigurationList;
			buildConfigurations = (
				820362E4252CC3C500521958 /* Debug */,
				820362E5252CC3C500521958 /* Release */,
			);
			defaultConfigurationIsVisible = 0;
			defaultConfigurationName = Release;
		};
		820362E6252CC3C500521958 /* Build configuration list for PBXNativeTarget "Delegates and ProtocolsUITests" */ = {
			isa = XCConfigurationList;
			buildConfigurations = (
				820362E7252CC3C500521958 /* Debug */,
				820362E8252CC3C500521958 /* Release */,
			);
			defaultConfigurationIsVisible = 0;
			defaultConfigurationName = Release;
		};
/* End XCConfigurationList section */
	};
	rootObject = 820362AE252CC3C100521958 /* Project object */;
}
